# THIS IS AN AUTOGENERATED FILE. DO NOT EDIT THIS FILE DIRECTLY.
# yarn lockfile v1


"@aws-sdk/types@^3.337.0":
  version "3.337.0"
  resolved "https://registry.yarnpkg.com/@aws-sdk/types/-/types-3.337.0.tgz#e45a2ebe3799002f552658fd81c52bd0255e5c72"
  integrity sha512-yR7e9iWMabUfNWkpQs05QXXBXGwp5cunkzVNeDvcAKgaxVVD2n8wY9Iocl324GvXMplJcnND9l0DvizkTak3yQ==
  dependencies:
    tslib "^2.5.0"

tslib@^2.5.0:
  version "2.5.2"
  resolved "https://registry.yarnpkg.com/tslib/-/tslib-2.5.2.tgz#1b6f07185c881557b0ffa84b111a0106989e8338"
  integrity sha512-5svOrSA2w3iGFDs1HibEVBGbDrAY82bFQ3HZ3ixB+88nsbsWQoKqDRb5UBYAUPEzbBn6dAp5gRNXglySbx1MlA==
